
Microsoft Visual Studio Solution File, Format Version 12.00
# Visual Studio Version 16
VisualStudioVersion = 16.0.30621.155
MinimumVisualStudioVersion = 10.0.40219.1
Project("{FAE04EC0-301F-11D3-BF4B-00C04F79EFBC}") = "SimpleUDPProxy", "SimpleUDPProxy\SimpleUDPProxy.csproj", "{08933627-BBA2-4985-807F-295E73A18386}"
EndProject
Project("{FAE04EC0-301F-11D3-BF4B-00C04F79EFBC}") = "SensorREST", "SensorREST\SensorREST.csproj", "{5EE437B8-51D0-413C-BA4B-28691EA7FDE0}"
EndProject
Project("{FAE04EC0-301F-11D3-BF4B-00C04F79EFBC}") = "ModelLib", "ModelLib\ModelLib.csproj", "{7D8C2AF6-F971-4CA7-8ECC-D14F0CBE6E6A}"
EndProject
Global
	GlobalSection(SolutionConfigurationPlatforms) = preSolution
		Debug|Any CPU = Debug|Any CPU
		Release|Any CPU = Release|Any CPU
	EndGlobalSection
	GlobalSection(ProjectConfigurationPlatforms) = postSolution
		{08933627-BBA2-4985-807F-295E73A18386}.Debug|Any CPU.ActiveCfg = Debug|Any CPU
		{08933627-BBA2-4985-807F-295E73A18386}.Debug|Any CPU.Build.0 = Debug|Any CPU
		{08933627-BBA2-4985-807F-295E73A18386}.Release|Any CPU.ActiveCfg = Release|Any CPU
		{08933627-BBA2-4985-807F-295E73A18386}.Release|Any CPU.Build.0 = Release|Any CPU
		{5EE437B8-51D0-413C-BA4B-28691EA7FDE0}.Debug|Any CPU.ActiveCfg = Debug|Any CPU
		{5EE437B8-51D0-413C-BA4B-28691EA7FDE0}.Debug|Any CPU.Build.0 = Debug|Any CPU
		{5EE437B8-51D0-413C-BA4B-28691EA7FDE0}.Release|Any CPU.ActiveCfg = Release|Any CPU
		{5EE437B8-51D0-413C-BA4B-28691EA7FDE0}.Release|Any CPU.Build.0 = Release|Any CPU
		{7D8C2AF6-F971-4CA7-8ECC-D14F0CBE6E6A}.Debug|Any CPU.ActiveCfg = Debug|Any CPU
		{7D8C2AF6-F971-4CA7-8ECC-D14F0CBE6E6A}.Debug|Any CPU.Build.0 = Debug|Any CPU
		{7D8C2AF6-F971-4CA7-8ECC-D14F0CBE6E6A}.Release|Any CPU.ActiveCfg = Release|Any CPU
		{7D8C2AF6-F971-4CA7-8ECC-D14F0CBE6E6A}.Release|Any CPU.Build.0 = Release|Any CPU
	EndGlobalSection
	GlobalSection(SolutionProperties) = preSolution
		HideSolutionNode = FALSE
	EndGlobalSection
	GlobalSection(ExtensibilityGlobals) = postSolution
		SolutionGuid = {AA46E62F-71FB-4EF2-A39A-5D2746B98687}
	EndGlobalSection
EndGlobal
